PODS:
  - YoutubePlayerView (1.1.0)

DEPENDENCIES:
  - YoutubePlayerView (from `../`)

EXTERNAL SOURCES:
  YoutubePlayerView:
    :path: "../"

SPEC CHECKSUMS:
  YoutubePlayerView: 0d4bedc0c6129ef89f99acd0c20d5122ddf38083

PODFILE CHECKSUM: 45026ebc5216d6829b26d5421ca3a70d44b845ca

COCOAPODS: 1.8.4
